// !$*UTF8*$!
{
	archiveVersion = 1;
	classes = {
	};
	objectVersion = 56;
	objects = {

/* Begin PBXBuildFile section */
		3C5E81AE2C85E7EC0069A787 /* AppDelegate.swift in Sources */ = {isa = PBXBuildFile; fileRef = 3C5E81AD2C85E7EC0069A787 /* AppDelegate.swift */; };
		3C5E81B02C85E7EC0069A787 /* SceneDelegate.swift in Sources */ = {isa = PBXBuildFile; fileRef = 3C5E81AF2C85E7EC0069A787 /* SceneDelegate.swift */; };
		3C5E81B22C85E7EC0069A787 /* ViewController.swift in Sources */ = {isa = PBXBuildFile; fileRef = 3C5E81B12C85E7EC0069A787 /* ViewController.swift */; };
		3C5E81B52C85E7EC0069A787 /* Base in Resources */ = {isa = PBXBuildFile; fileRef = 3C5E81B42C85E7EC0069A787 /* Base */; };
		3C5E81B82C85E7EC0069A787 /* VIP_Architecture.xcdatamodeld in Sources */ = {isa = PBXBuildFile; fileRef = 3C5E81B62C85E7EC0069A787 /* VIP_Architecture.xcdatamodeld */; };
		3C5E81BA2C85E7ED0069A787 /* Assets.xcassets in Resources */ = {isa = PBXBuildFile; fileRef = 3C5E81B92C85E7ED0069A787 /* Assets.xcassets */; };
		3C5E81BD2C85E7ED0069A787 /* Base in Resources */ = {isa = PBXBuildFile; fileRef = 3C5E81BC2C85E7ED0069A787 /* Base */; };
		3C5E81C82C85E7ED0069A787 /* VIP_ArchitectureTests.swift in Sources */ = {isa = PBXBuildFile; fileRef = 3C5E81C72C85E7ED0069A787 /* VIP_ArchitectureTests.swift */; };
		3C5E81D22C85E7ED0069A787 /* VIP_ArchitectureUITests.swift in Sources */ = {isa = PBXBuildFile; fileRef = 3C5E81D12C85E7ED0069A787 /* VIP_ArchitectureUITests.swift */; };
		3C5E81D42C85E7ED0069A787 /* VIP_ArchitectureUITestsLaunchTests.swift in Sources */ = {isa = PBXBuildFile; fileRef = 3C5E81D32C85E7ED0069A787 /* VIP_ArchitectureUITestsLaunchTests.swift */; };
		3C8A7D7E2C866CF6004A52C8 /* MovieListController.swift in Sources */ = {isa = PBXBuildFile; fileRef = 3C8A7D7D2C866CF6004A52C8 /* MovieListController.swift */; };
		3C8A7D812C866D36004A52C8 /* MovieListView.swift in Sources */ = {isa = PBXBuildFile; fileRef = 3C8A7D802C866D36004A52C8 /* MovieListView.swift */; };
		3C8A7D8A2C867814004A52C8 /* UICollectionView+Ext.swift in Sources */ = {isa = PBXBuildFile; fileRef = 3C8A7D892C867814004A52C8 /* UICollectionView+Ext.swift */; };
		3C8A7D8C2C867C1E004A52C8 /* MovieListInteractor.swift in Sources */ = {isa = PBXBuildFile; fileRef = 3C8A7D8B2C867C1E004A52C8 /* MovieListInteractor.swift */; };
		3C8A7D8E2C867C25004A52C8 /* MovieListPresenter.swift in Sources */ = {isa = PBXBuildFile; fileRef = 3C8A7D8D2C867C25004A52C8 /* MovieListPresenter.swift */; };
		3C9A38B52CB68D9100424671 /* HTTPClient.swift in Sources */ = {isa = PBXBuildFile; fileRef = 3C9A38B42CB68D9100424671 /* HTTPClient.swift */; };
		3C9A38B72CB68DBC00424671 /* URLSessionHTTPClient.swift in Sources */ = {isa = PBXBuildFile; fileRef = 3C9A38B62CB68DBC00424671 /* URLSessionHTTPClient.swift */; };
		3C9A38B92CB68E0900424671 /* Mapper.swift in Sources */ = {isa = PBXBuildFile; fileRef = 3C9A38B82CB68E0900424671 /* Mapper.swift */; };
		3C9A38BB2CB68E2300424671 /* NetworkError.swift in Sources */ = {isa = PBXBuildFile; fileRef = 3C9A38BA2CB68E2300424671 /* NetworkError.swift */; };
		3C9A38BD2CB68EA100424671 /* AuthenticatedHTTPClientDecorator.swift in Sources */ = {isa = PBXBuildFile; fileRef = 3C9A38BC2CB68EA100424671 /* AuthenticatedHTTPClientDecorator.swift */; };
		3C9A38C02CB68F0800424671 /* APIConfig.swift in Sources */ = {isa = PBXBuildFile; fileRef = 3C9A38BF2CB68F0800424671 /* APIConfig.swift */; };
		3C9A38C22CB68F4100424671 /* APIConfig.plist in Resources */ = {isa = PBXBuildFile; fileRef = 3C9A38C12CB68F4100424671 /* APIConfig.plist */; };
		3C9A38C52CB68F9900424671 /* GetConfig.swift in Sources */ = {isa = PBXBuildFile; fileRef = 3C9A38C42CB68F9900424671 /* GetConfig.swift */; };
		3C9A38CA2CB6914600424671 /* NowPlayingLoader.swift in Sources */ = {isa = PBXBuildFile; fileRef = 3C9A38C92CB6914600424671 /* NowPlayingLoader.swift */; };
		3C9A38CE2CB691F500424671 /* RemoteNowPlayingFeed.swift in Sources */ = {isa = PBXBuildFile; fileRef = 3C9A38CD2CB691F500424671 /* RemoteNowPlayingFeed.swift */; };
		3C9A38D02CB692C400424671 /* RemoteNowPlayingLoader.swift in Sources */ = {isa = PBXBuildFile; fileRef = 3C9A38CF2CB692C400424671 /* RemoteNowPlayingLoader.swift */; };
		3C9A38D22CB6944C00424671 /* URLRequest+Ext.swift in Sources */ = {isa = PBXBuildFile; fileRef = 3C9A38D12CB6944C00424671 /* URLRequest+Ext.swift */; };
		3C9A38D42CB695E800424671 /* NowPlayingFeed.swift in Sources */ = {isa = PBXBuildFile; fileRef = 3C9A38D32CB695E800424671 /* NowPlayingFeed.swift */; };
		3C9A38D72CB6ACF700424671 /* MainQueueDispatchDecorator.swift in Sources */ = {isa = PBXBuildFile; fileRef = 3C9A38D62CB6ACF700424671 /* MainQueueDispatchDecorator.swift */; };
		3C9A38D92CB6E21000424671 /* SceneDelegate+HTTPClient.swift in Sources */ = {isa = PBXBuildFile; fileRef = 3C9A38D82CB6E21000424671 /* SceneDelegate+HTTPClient.swift */; };
		3C9A38DB2CB6EEFF00424671 /* NowPlayingCollectionViewCell.swift in Sources */ = {isa = PBXBuildFile; fileRef = 3C9A38DA2CB6EEFF00424671 /* NowPlayingCollectionViewCell.swift */; };
		3C9A38E42CB6F95900424671 /* NowPlayingItemViewModel.swift in Sources */ = {isa = PBXBuildFile; fileRef = 3C9A38E32CB6F95900424671 /* NowPlayingItemViewModel.swift */; };
		3C9A38E62CB6F99600424671 /* UIView+Ext.swift in Sources */ = {isa = PBXBuildFile; fileRef = 3C9A38E52CB6F99600424671 /* UIView+Ext.swift */; };
		3C9A38EC2CB71DEA00424671 /* RemoteImageDataLoader.swift in Sources */ = {isa = PBXBuildFile; fileRef = 3C9A38EB2CB71DEA00424671 /* RemoteImageDataLoader.swift */; };
		3C9A38EF2CB71E1E00424671 /* ImageDataLoaderTask.swift in Sources */ = {isa = PBXBuildFile; fileRef = 3C9A38EE2CB71E1E00424671 /* ImageDataLoaderTask.swift */; };
		3C9A38F12CB82CD700424671 /* UIImageView+Ext.swift in Sources */ = {isa = PBXBuildFile; fileRef = 3C9A38F02CB82CD700424671 /* UIImageView+Ext.swift */; };
		3C9A38F32CB82DB300424671 /* CGSize+Ext.swift in Sources */ = {isa = PBXBuildFile; fileRef = 3C9A38F22CB82DB300424671 /* CGSize+Ext.swift */; };
		3C9A38F52CB82F4500424671 /* DispatchQueueType.swift in Sources */ = {isa = PBXBuildFile; fileRef = 3C9A38F42CB82F4500424671 /* DispatchQueueType.swift */; };
/* End PBXBuildFile section */

/* Begin PBXContainerItemProxy section */
		3C5E81C42C85E7ED0069A787 /* PBXContainerItemProxy */ = {
			isa = PBXContainerItemProxy;
			containerPortal = 3C5E81A22C85E7EC0069A787 /* Project object */;
			proxyType = 1;
			remoteGlobalIDString = 3C5E81A92C85E7EC0069A787;
			remoteInfo = "VIP-Architecture";
		};
		3C5E81CE2C85E7ED0069A787 /* PBXContainerItemProxy */ = {
			isa = PBXContainerItemProxy;
			containerPortal = 3C5E81A22C85E7EC0069A787 /* Project object */;
			proxyType = 1;
			remoteGlobalIDString = 3C5E81A92C85E7EC0069A787;
			remoteInfo = "VIP-Architecture";
		};
/* End PBXContainerItemProxy section */

/* Begin PBXFileReference section */
		3C5E81AA2C85E7EC0069A787 /* VIP-Architecture.app */ = {isa = PBXFileReference; explicitFileType = wrapper.application; includeInIndex = 0; path = "VIP-Architecture.app"; sourceTree = BUILT_PRODUCTS_DIR; };
		3C5E81AD2C85E7EC0069A787 /* AppDelegate.swift */ = {isa = PBXFileReference; lastKnownFileType = sourcecode.swift; path = AppDelegate.swift; sourceTree = "<group>"; };
		3C5E81AF2C85E7EC0069A787 /* SceneDelegate.swift */ = {isa = PBXFileReference; lastKnownFileType = sourcecode.swift; path = SceneDelegate.swift; sourceTree = "<group>"; };
		3C5E81B12C85E7EC0069A787 /* ViewController.swift */ = {isa = PBXFileReference; lastKnownFileType = sourcecode.swift; path = ViewController.swift; sourceTree = "<group>"; };
		3C5E81B42C85E7EC0069A787 /* Base */ = {isa = PBXFileReference; lastKnownFileType = file.storyboard; name = Base; path = Base.lproj/Main.storyboard; sourceTree = "<group>"; };
		3C5E81B72C85E7EC0069A787 /* VIP_Architecture.xcdatamodel */ = {isa = PBXFileReference; lastKnownFileType = wrapper.xcdatamodel; path = VIP_Architecture.xcdatamodel; sourceTree = "<group>"; };
		3C5E81B92C85E7ED0069A787 /* Assets.xcassets */ = {isa = PBXFileReference; lastKnownFileType = folder.assetcatalog; path = Assets.xcassets; sourceTree = "<group>"; };
		3C5E81BC2C85E7ED0069A787 /* Base */ = {isa = PBXFileReference; lastKnownFileType = file.storyboard; name = Base; path = Base.lproj/LaunchScreen.storyboard; sourceTree = "<group>"; };
		3C5E81BE2C85E7ED0069A787 /* Info.plist */ = {isa = PBXFileReference; lastKnownFileType = text.plist.xml; path = Info.plist; sourceTree = "<group>"; };
		3C5E81C32C85E7ED0069A787 /* VIP-ArchitectureTests.xctest */ = {isa = PBXFileReference; explicitFileType = wrapper.cfbundle; includeInIndex = 0; path = "VIP-ArchitectureTests.xctest"; sourceTree = BUILT_PRODUCTS_DIR; };
		3C5E81C72C85E7ED0069A787 /* VIP_ArchitectureTests.swift */ = {isa = PBXFileReference; lastKnownFileType = sourcecode.swift; path = VIP_ArchitectureTests.swift; sourceTree = "<group>"; };
		3C5E81CD2C85E7ED0069A787 /* VIP-ArchitectureUITests.xctest */ = {isa = PBXFileReference; explicitFileType = wrapper.cfbundle; includeInIndex = 0; path = "VIP-ArchitectureUITests.xctest"; sourceTree = BUILT_PRODUCTS_DIR; };
		3C5E81D12C85E7ED0069A787 /* VIP_ArchitectureUITests.swift */ = {isa = PBXFileReference; lastKnownFileType = sourcecode.swift; path = VIP_ArchitectureUITests.swift; sourceTree = "<group>"; };
		3C5E81D32C85E7ED0069A787 /* VIP_ArchitectureUITestsLaunchTests.swift */ = {isa = PBXFileReference; lastKnownFileType = sourcecode.swift; path = VIP_ArchitectureUITestsLaunchTests.swift; sourceTree = "<group>"; };
		3C8A7D7D2C866CF6004A52C8 /* MovieListController.swift */ = {isa = PBXFileReference; lastKnownFileType = sourcecode.swift; path = MovieListController.swift; sourceTree = "<group>"; };
		3C8A7D802C866D36004A52C8 /* MovieListView.swift */ = {isa = PBXFileReference; lastKnownFileType = sourcecode.swift; path = MovieListView.swift; sourceTree = "<group>"; };
		3C8A7D892C867814004A52C8 /* UICollectionView+Ext.swift */ = {isa = PBXFileReference; lastKnownFileType = sourcecode.swift; path = "UICollectionView+Ext.swift"; sourceTree = "<group>"; };
		3C8A7D8B2C867C1E004A52C8 /* MovieListInteractor.swift */ = {isa = PBXFileReference; lastKnownFileType = sourcecode.swift; path = MovieListInteractor.swift; sourceTree = "<group>"; };
		3C8A7D8D2C867C25004A52C8 /* MovieListPresenter.swift */ = {isa = PBXFileReference; lastKnownFileType = sourcecode.swift; path = MovieListPresenter.swift; sourceTree = "<group>"; };
		3C9A38B42CB68D9100424671 /* HTTPClient.swift */ = {isa = PBXFileReference; lastKnownFileType = sourcecode.swift; path = HTTPClient.swift; sourceTree = "<group>"; };
		3C9A38B62CB68DBC00424671 /* URLSessionHTTPClient.swift */ = {isa = PBXFileReference; lastKnownFileType = sourcecode.swift; path = URLSessionHTTPClient.swift; sourceTree = "<group>"; };
		3C9A38B82CB68E0900424671 /* Mapper.swift */ = {isa = PBXFileReference; lastKnownFileType = sourcecode.swift; path = Mapper.swift; sourceTree = "<group>"; };
		3C9A38BA2CB68E2300424671 /* NetworkError.swift */ = {isa = PBXFileReference; lastKnownFileType = sourcecode.swift; path = NetworkError.swift; sourceTree = "<group>"; };
		3C9A38BC2CB68EA100424671 /* AuthenticatedHTTPClientDecorator.swift */ = {isa = PBXFileReference; lastKnownFileType = sourcecode.swift; path = AuthenticatedHTTPClientDecorator.swift; sourceTree = "<group>"; };
		3C9A38BF2CB68F0800424671 /* APIConfig.swift */ = {isa = PBXFileReference; lastKnownFileType = sourcecode.swift; path = APIConfig.swift; sourceTree = "<group>"; };
		3C9A38C12CB68F4100424671 /* APIConfig.plist */ = {isa = PBXFileReference; lastKnownFileType = text.plist.xml; path = APIConfig.plist; sourceTree = "<group>"; };
		3C9A38C42CB68F9900424671 /* GetConfig.swift */ = {isa = PBXFileReference; lastKnownFileType = sourcecode.swift; path = GetConfig.swift; sourceTree = "<group>"; };
		3C9A38C92CB6914600424671 /* NowPlayingLoader.swift */ = {isa = PBXFileReference; lastKnownFileType = sourcecode.swift; path = NowPlayingLoader.swift; sourceTree = "<group>"; };
		3C9A38CD2CB691F500424671 /* RemoteNowPlayingFeed.swift */ = {isa = PBXFileReference; lastKnownFileType = sourcecode.swift; path = RemoteNowPlayingFeed.swift; sourceTree = "<group>"; };
		3C9A38CF2CB692C400424671 /* RemoteNowPlayingLoader.swift */ = {isa = PBXFileReference; lastKnownFileType = sourcecode.swift; path = RemoteNowPlayingLoader.swift; sourceTree = "<group>"; };
		3C9A38D12CB6944C00424671 /* URLRequest+Ext.swift */ = {isa = PBXFileReference; lastKnownFileType = sourcecode.swift; path = "URLRequest+Ext.swift"; sourceTree = "<group>"; };
		3C9A38D32CB695E800424671 /* NowPlayingFeed.swift */ = {isa = PBXFileReference; lastKnownFileType = sourcecode.swift; path = NowPlayingFeed.swift; sourceTree = "<group>"; };
		3C9A38D62CB6ACF700424671 /* MainQueueDispatchDecorator.swift */ = {isa = PBXFileReference; lastKnownFileType = sourcecode.swift; path = MainQueueDispatchDecorator.swift; sourceTree = "<group>"; };
		3C9A38D82CB6E21000424671 /* SceneDelegate+HTTPClient.swift */ = {isa = PBXFileReference; lastKnownFileType = sourcecode.swift; path = "SceneDelegate+HTTPClient.swift"; sourceTree = "<group>"; };
		3C9A38DA2CB6EEFF00424671 /* NowPlayingCollectionViewCell.swift */ = {isa = PBXFileReference; lastKnownFileType = sourcecode.swift; path = NowPlayingCollectionViewCell.swift; sourceTree = "<group>"; };
		3C9A38E32CB6F95900424671 /* NowPlayingItemViewModel.swift */ = {isa = PBXFileReference; lastKnownFileType = sourcecode.swift; path = NowPlayingItemViewModel.swift; sourceTree = "<group>"; };
		3C9A38E52CB6F99600424671 /* UIView+Ext.swift */ = {isa = PBXFileReference; lastKnownFileType = sourcecode.swift; path = "UIView+Ext.swift"; sourceTree = "<group>"; };
		3C9A38EB2CB71DEA00424671 /* RemoteImageDataLoader.swift */ = {isa = PBXFileReference; lastKnownFileType = sourcecode.swift; path = RemoteImageDataLoader.swift; sourceTree = "<group>"; };
		3C9A38EE2CB71E1E00424671 /* ImageDataLoaderTask.swift */ = {isa = PBXFileReference; lastKnownFileType = sourcecode.swift; path = ImageDataLoaderTask.swift; sourceTree = "<group>"; };
		3C9A38F02CB82CD700424671 /* UIImageView+Ext.swift */ = {isa = PBXFileReference; lastKnownFileType = sourcecode.swift; path = "UIImageView+Ext.swift"; sourceTree = "<group>"; };
		3C9A38F22CB82DB300424671 /* CGSize+Ext.swift */ = {isa = PBXFileReference; lastKnownFileType = sourcecode.swift; path = "CGSize+Ext.swift"; sourceTree = "<group>"; };
		3C9A38F42CB82F4500424671 /* DispatchQueueType.swift */ = {isa = PBXFileReference; lastKnownFileType = sourcecode.swift; path = DispatchQueueType.swift; sourceTree = "<group>"; };
/* End PBXFileReference section */

/* Begin PBXFrameworksBuildPhase section */
		3C5E81A72C85E7EC0069A787 /* Frameworks */ = {
			isa = PBXFrameworksBuildPhase;
			buildActionMask = 2147483647;
			files = (
			);
			runOnlyForDeploymentPostprocessing = 0;
		};
		3C5E81C02C85E7ED0069A787 /* Frameworks */ = {
			isa = PBXFrameworksBuildPhase;
			buildActionMask = 2147483647;
			files = (
			);
			runOnlyForDeploymentPostprocessing = 0;
		};
		3C5E81CA2C85E7ED0069A787 /* Frameworks */ = {
			isa = PBXFrameworksBuildPhase;
			buildActionMask = 2147483647;
			files = (
			);
			runOnlyForDeploymentPostprocessing = 0;
		};
/* End PBXFrameworksBuildPhase section */

/* Begin PBXGroup section */
		3C5E81A12C85E7EC0069A787 = {
			isa = PBXGroup;
			children = (
				3C5E81AC2C85E7EC0069A787 /* VIP-Architecture */,
				3C5E81C62C85E7ED0069A787 /* VIP-ArchitectureTests */,
				3C5E81D02C85E7ED0069A787 /* VIP-ArchitectureUITests */,
				3C5E81AB2C85E7EC0069A787 /* Products */,
			);
			sourceTree = "<group>";
		};
		3C5E81AB2C85E7EC0069A787 /* Products */ = {
			isa = PBXGroup;
			children = (
				3C5E81AA2C85E7EC0069A787 /* VIP-Architecture.app */,
				3C5E81C32C85E7ED0069A787 /* VIP-ArchitectureTests.xctest */,
				3C5E81CD2C85E7ED0069A787 /* VIP-ArchitectureUITests.xctest */,
			);
			name = Products;
			sourceTree = "<group>";
		};
		3C5E81AC2C85E7EC0069A787 /* VIP-Architecture */ = {
			isa = PBXGroup;
			children = (
				3C9A38B22CB68D7100424671 /* Core */,
				3C8A7D872C8677F9004A52C8 /* Common */,
				3C9A38B12CB68C1E00424671 /* Features */,
				3C5E81AD2C85E7EC0069A787 /* AppDelegate.swift */,
				3C5E81AF2C85E7EC0069A787 /* SceneDelegate.swift */,
				3C9A38D82CB6E21000424671 /* SceneDelegate+HTTPClient.swift */,
				3C5E81B12C85E7EC0069A787 /* ViewController.swift */,
				3C5E81B32C85E7EC0069A787 /* Main.storyboard */,
				3C5E81B92C85E7ED0069A787 /* Assets.xcassets */,
				3C5E81BB2C85E7ED0069A787 /* LaunchScreen.storyboard */,
				3C5E81BE2C85E7ED0069A787 /* Info.plist */,
				3C5E81B62C85E7EC0069A787 /* VIP_Architecture.xcdatamodeld */,
				3C9A38C12CB68F4100424671 /* APIConfig.plist */,
			);
			path = "VIP-Architecture";
			sourceTree = "<group>";
		};
		3C5E81C62C85E7ED0069A787 /* VIP-ArchitectureTests */ = {
			isa = PBXGroup;
			children = (
				3C5E81C72C85E7ED0069A787 /* VIP_ArchitectureTests.swift */,
			);
			path = "VIP-ArchitectureTests";
			sourceTree = "<group>";
		};
		3C5E81D02C85E7ED0069A787 /* VIP-ArchitectureUITests */ = {
			isa = PBXGroup;
			children = (
				3C5E81D12C85E7ED0069A787 /* VIP_ArchitectureUITests.swift */,
				3C5E81D32C85E7ED0069A787 /* VIP_ArchitectureUITestsLaunchTests.swift */,
			);
			path = "VIP-ArchitectureUITests";
			sourceTree = "<group>";
		};
		3C8A7D7A2C866C43004A52C8 /* MovieList */ = {
			isa = PBXGroup;
			children = (
				3C8A7D7F2C866D2D004A52C8 /* Views */,
				3C8A7D7D2C866CF6004A52C8 /* MovieListController.swift */,
				3C8A7D8B2C867C1E004A52C8 /* MovieListInteractor.swift */,
				3C8A7D8D2C867C25004A52C8 /* MovieListPresenter.swift */,
			);
			path = MovieList;
			sourceTree = "<group>";
		};
		3C8A7D7F2C866D2D004A52C8 /* Views */ = {
			isa = PBXGroup;
			children = (
				3C8A7D822C8670E8004A52C8 /* Cells */,
				3C8A7D802C866D36004A52C8 /* MovieListView.swift */,
			);
			path = Views;
			sourceTree = "<group>";
		};
		3C8A7D822C8670E8004A52C8 /* Cells */ = {
			isa = PBXGroup;
			children = (
				3C9A38DA2CB6EEFF00424671 /* NowPlayingCollectionViewCell.swift */,
			);
			path = Cells;
			sourceTree = "<group>";
		};
		3C8A7D872C8677F9004A52C8 /* Common */ = {
			isa = PBXGroup;
			children = (
				3C9A38C32CB68F8100424671 /* Utils */,
				3C8A7D882C867801004A52C8 /* Extension */,
			);
			path = Common;
			sourceTree = "<group>";
		};
		3C8A7D882C867801004A52C8 /* Extension */ = {
			isa = PBXGroup;
			children = (
				3C8A7D892C867814004A52C8 /* UICollectionView+Ext.swift */,
				3C9A38E52CB6F99600424671 /* UIView+Ext.swift */,
				3C9A38F02CB82CD700424671 /* UIImageView+Ext.swift */,
				3C9A38F22CB82DB300424671 /* CGSize+Ext.swift */,
			);
			path = Extension;
			sourceTree = "<group>";
		};
		3C9A38B12CB68C1E00424671 /* Features */ = {
			isa = PBXGroup;
			children = (
				3C8A7D7A2C866C43004A52C8 /* MovieList */,
			);
			path = Features;
			sourceTree = "<group>";
		};
		3C9A38B22CB68D7100424671 /* Core */ = {
			isa = PBXGroup;
			children = (
				3C9A38C62CB690E800424671 /* Loaders */,
				3C9A38BE2CB68EF800424671 /* Models */,
				3C9A38B32CB68D7700424671 /* Networking */,
			);
			path = Core;
			sourceTree = "<group>";
		};
		3C9A38B32CB68D7700424671 /* Networking */ = {
			isa = PBXGroup;
			children = (
				3C9A38B42CB68D9100424671 /* HTTPClient.swift */,
				3C9A38B62CB68DBC00424671 /* URLSessionHTTPClient.swift */,
				3C9A38BC2CB68EA100424671 /* AuthenticatedHTTPClientDecorator.swift */,
				3C9A38B82CB68E0900424671 /* Mapper.swift */,
				3C9A38BA2CB68E2300424671 /* NetworkError.swift */,
				3C9A38D12CB6944C00424671 /* URLRequest+Ext.swift */,
			);
			path = Networking;
			sourceTree = "<group>";
		};
		3C9A38BE2CB68EF800424671 /* Models */ = {
			isa = PBXGroup;
			children = (
				3C9A38BF2CB68F0800424671 /* APIConfig.swift */,
			);
			path = Models;
			sourceTree = "<group>";
		};
		3C9A38C32CB68F8100424671 /* Utils */ = {
			isa = PBXGroup;
			children = (
				3C9A38F42CB82F4500424671 /* DispatchQueueType.swift */,
				3C9A38D62CB6ACF700424671 /* MainQueueDispatchDecorator.swift */,
				3C9A38C42CB68F9900424671 /* GetConfig.swift */,
			);
			path = Utils;
			sourceTree = "<group>";
		};
		3C9A38C62CB690E800424671 /* Loaders */ = {
			isa = PBXGroup;
			children = (
				3C9A38ED2CB71E1000424671 /* ImageDataLoader */,
				3C9A38D52CB6A39700424671 /* NowPlaying */,
			);
			path = Loaders;
			sourceTree = "<group>";
		};
		3C9A38C72CB6912100424671 /* API */ = {
			isa = PBXGroup;
			children = (
				3C9A38CD2CB691F500424671 /* RemoteNowPlayingFeed.swift */,
				3C9A38CF2CB692C400424671 /* RemoteNowPlayingLoader.swift */,
			);
			path = API;
			sourceTree = "<group>";
		};
		3C9A38C82CB6912600424671 /* Feature */ = {
			isa = PBXGroup;
			children = (
				3C9A38C92CB6914600424671 /* NowPlayingLoader.swift */,
				3C9A38D32CB695E800424671 /* NowPlayingFeed.swift */,
			);
			path = Feature;
			sourceTree = "<group>";
		};
		3C9A38D52CB6A39700424671 /* NowPlaying */ = {
			isa = PBXGroup;
			children = (
				3C9A38E12CB6F94300424671 /* Presentation */,
				3C9A38C72CB6912100424671 /* API */,
				3C9A38C82CB6912600424671 /* Feature */,
			);
			path = NowPlaying;
			sourceTree = "<group>";
		};
		3C9A38E12CB6F94300424671 /* Presentation */ = {
			isa = PBXGroup;
			children = (
				3C9A38E22CB6F95400424671 /* Models */,
			);
			path = Presentation;
			sourceTree = "<group>";
		};
		3C9A38E22CB6F95400424671 /* Models */ = {
			isa = PBXGroup;
			children = (
				3C9A38E32CB6F95900424671 /* NowPlayingItemViewModel.swift */,
			);
			path = Models;
			sourceTree = "<group>";
		};
		3C9A38ED2CB71E1000424671 /* ImageDataLoader */ = {
			isa = PBXGroup;
			children = (
				3C9A38EE2CB71E1E00424671 /* ImageDataLoaderTask.swift */,
				3C9A38EB2CB71DEA00424671 /* RemoteImageDataLoader.swift */,
			);
			path = ImageDataLoader;
			sourceTree = "<group>";
		};
/* End PBXGroup section */

/* Begin PBXNativeTarget section */
		3C5E81A92C85E7EC0069A787 /* VIP-Architecture */ = {
			isa = PBXNativeTarget;
			buildConfigurationList = 3C5E81D72C85E7ED0069A787 /* Build configuration list for PBXNativeTarget "VIP-Architecture" */;
			buildPhases = (
				3C5E81A62C85E7EC0069A787 /* Sources */,
				3C5E81A72C85E7EC0069A787 /* Frameworks */,
				3C5E81A82C85E7EC0069A787 /* Resources */,
			);
			buildRules = (
			);
			dependencies = (
			);
			name = "VIP-Architecture";
			packageProductDependencies = (
			);
			productName = "VIP-Architecture";
			productReference = 3C5E81AA2C85E7EC0069A787 /* VIP-Architecture.app */;
			productType = "com.apple.product-type.application";
		};
		3C5E81C22C85E7ED0069A787 /* VIP-ArchitectureTests */ = {
			isa = PBXNativeTarget;
			buildConfigurationList = 3C5E81DA2C85E7ED0069A787 /* Build configuration list for PBXNativeTarget "VIP-ArchitectureTests" */;
			buildPhases = (
				3C5E81BF2C85E7ED0069A787 /* Sources */,
				3C5E81C02C85E7ED0069A787 /* Frameworks */,
				3C5E81C12C85E7ED0069A787 /* Resources */,
			);
			buildRules = (
			);
			dependencies = (
				3C5E81C52C85E7ED0069A787 /* PBXTargetDependency */,
			);
			name = "VIP-ArchitectureTests";
			productName = "VIP-ArchitectureTests";
			productReference = 3C5E81C32C85E7ED0069A787 /* VIP-ArchitectureTests.xctest */;
			productType = "com.apple.product-type.bundle.unit-test";
		};
		3C5E81CC2C85E7ED0069A787 /* VIP-ArchitectureUITests */ = {
			isa = PBXNativeTarget;
			buildConfigurationList = 3C5E81DD2C85E7ED0069A787 /* Build configuration list for PBXNativeTarget "VIP-ArchitectureUITests" */;
			buildPhases = (
				3C5E81C92C85E7ED0069A787 /* Sources */,
				3C5E81CA2C85E7ED0069A787 /* Frameworks */,
				3C5E81CB2C85E7ED0069A787 /* Resources */,
			);
			buildRules = (
			);
			dependencies = (
				3C5E81CF2C85E7ED0069A787 /* PBXTargetDependency */,
			);
			name = "VIP-ArchitectureUITests";
			productName = "VIP-ArchitectureUITests";
			productReference = 3C5E81CD2C85E7ED0069A787 /* VIP-ArchitectureUITests.xctest */;
			productType = "com.apple.product-type.bundle.ui-testing";
		};
/* End PBXNativeTarget section */

/* Begin PBXProject section */
		3C5E81A22C85E7EC0069A787 /* Project object */ = {
			isa = PBXProject;
			attributes = {
				BuildIndependentTargetsInParallel = 1;
				LastSwiftUpdateCheck = 1540;
				LastUpgradeCheck = 1600;
				TargetAttributes = {
					3C5E81A92C85E7EC0069A787 = {
						CreatedOnToolsVersion = 15.4;
					};
					3C5E81C22C85E7ED0069A787 = {
						CreatedOnToolsVersion = 15.4;
						TestTargetID = 3C5E81A92C85E7EC0069A787;
					};
					3C5E81CC2C85E7ED0069A787 = {
						CreatedOnToolsVersion = 15.4;
						TestTargetID = 3C5E81A92C85E7EC0069A787;
					};
				};
			};
			buildConfigurationList = 3C5E81A52C85E7EC0069A787 /* Build configuration list for PBXProject "VIP-Architecture" */;
			compatibilityVersion = "Xcode 14.0";
			developmentRegion = en;
			hasScannedForEncodings = 0;
			knownRegions = (
				en,
				Base,
			);
			mainGroup = 3C5E81A12C85E7EC0069A787;
			packageReferences = (
			);
			productRefGroup = 3C5E81AB2C85E7EC0069A787 /* Products */;
			projectDirPath = "";
			projectRoot = "";
			targets = (
				3C5E81A92C85E7EC0069A787 /* VIP-Architecture */,
				3C5E81C22C85E7ED0069A787 /* VIP-ArchitectureTests */,
				3C5E81CC2C85E7ED0069A787 /* VIP-ArchitectureUITests */,
			);
		};
/* End PBXProject section */

/* Begin PBXResourcesBuildPhase section */
		3C5E81A82C85E7EC0069A787 /* Resources */ = {
			isa = PBXResourcesBuildPhase;
			buildActionMask = 2147483647;
			files = (
				3C5E81BA2C85E7ED0069A787 /* Assets.xcassets in Resources */,
				3C9A38C22CB68F4100424671 /* APIConfig.plist in Resources */,
				3C5E81BD2C85E7ED0069A787 /* Base in Resources */,
				3C5E81B52C85E7EC0069A787 /* Base in Resources */,
			);
			runOnlyForDeploymentPostprocessing = 0;
		};
		3C5E81C12C85E7ED0069A787 /* Resources */ = {
			isa = PBXResourcesBuildPhase;
			buildActionMask = 2147483647;
			files = (
			);
			runOnlyForDeploymentPostprocessing = 0;
		};
		3C5E81CB2C85E7ED0069A787 /* Resources */ = {
			isa = PBXResourcesBuildPhase;
			buildActionMask = 2147483647;
			files = (
			);
			runOnlyForDeploymentPostprocessing = 0;
		};
/* End PBXResourcesBuildPhase section */

/* Begin PBXSourcesBuildPhase section */
		3C5E81A62C85E7EC0069A787 /* Sources */ = {
			isa = PBXSourcesBuildPhase;
			buildActionMask = 2147483647;
			files = (
				3C9A38F12CB82CD700424671 /* UIImageView+Ext.swift in Sources */,
				3C8A7D7E2C866CF6004A52C8 /* MovieListController.swift in Sources */,
				3C9A38BB2CB68E2300424671 /* NetworkError.swift in Sources */,
				3C9A38F52CB82F4500424671 /* DispatchQueueType.swift in Sources */,
				3C9A38D92CB6E21000424671 /* SceneDelegate+HTTPClient.swift in Sources */,
				3C9A38D72CB6ACF700424671 /* MainQueueDispatchDecorator.swift in Sources */,
				3C9A38E62CB6F99600424671 /* UIView+Ext.swift in Sources */,
				3C8A7D8C2C867C1E004A52C8 /* MovieListInteractor.swift in Sources */,
				3C5E81B22C85E7EC0069A787 /* ViewController.swift in Sources */,
				3C9A38D02CB692C400424671 /* RemoteNowPlayingLoader.swift in Sources */,
				3C9A38D42CB695E800424671 /* NowPlayingFeed.swift in Sources */,
				3C5E81AE2C85E7EC0069A787 /* AppDelegate.swift in Sources */,
				3C9A38D22CB6944C00424671 /* URLRequest+Ext.swift in Sources */,
				3C9A38EC2CB71DEA00424671 /* RemoteImageDataLoader.swift in Sources */,
				3C5E81B82C85E7EC0069A787 /* VIP_Architecture.xcdatamodeld in Sources */,
				3C9A38B92CB68E0900424671 /* Mapper.swift in Sources */,
				3C9A38B52CB68D9100424671 /* HTTPClient.swift in Sources */,
				3C5E81B02C85E7EC0069A787 /* SceneDelegate.swift in Sources */,
				3C9A38DB2CB6EEFF00424671 /* NowPlayingCollectionViewCell.swift in Sources */,
				3C9A38C02CB68F0800424671 /* APIConfig.swift in Sources */,
				3C8A7D8A2C867814004A52C8 /* UICollectionView+Ext.swift in Sources */,
				3C9A38C52CB68F9900424671 /* GetConfig.swift in Sources */,
				3C9A38F32CB82DB300424671 /* CGSize+Ext.swift in Sources */,
				3C8A7D812C866D36004A52C8 /* MovieListView.swift in Sources */,
				3C9A38CA2CB6914600424671 /* NowPlayingLoader.swift in Sources */,
				3C8A7D8E2C867C25004A52C8 /* MovieListPresenter.swift in Sources */,
				3C9A38EF2CB71E1E00424671 /* ImageDataLoaderTask.swift in Sources */,
				3C9A38CE2CB691F500424671 /* RemoteNowPlayingFeed.swift in Sources */,
				3C9A38BD2CB68EA100424671 /* AuthenticatedHTTPClientDecorator.swift in Sources */,
				3C9A38E42CB6F95900424671 /* NowPlayingItemViewModel.swift in Sources */,
				3C9A38B72CB68DBC00424671 /* URLSessionHTTPClient.swift in Sources */,
			);
			runOnlyForDeploymentPostprocessing = 0;
		};
		3C5E81BF2C85E7ED0069A787 /* Sources */ = {
			isa = PBXSourcesBuildPhase;
			buildActionMask = 2147483647;
			files = (
				3C5E81C82C85E7ED0069A787 /* VIP_ArchitectureTests.swift in Sources */,
			);
			runOnlyForDeploymentPostprocessing = 0;
		};
		3C5E81C92C85E7ED0069A787 /* Sources */ = {
			isa = PBXSourcesBuildPhase;
			buildActionMask = 2147483647;
			files = (
				3C5E81D22C85E7ED0069A787 /* VIP_ArchitectureUITests.swift in Sources */,
				3C5E81D42C85E7ED0069A787 /* VIP_ArchitectureUITestsLaunchTests.swift in Sources */,
			);
			runOnlyForDeploymentPostprocessing = 0;
		};
/* End PBXSourcesBuildPhase section */

/* Begin PBXTargetDependency section */
		3C5E81C52C85E7ED0069A787 /* PBXTargetDependency */ = {
			isa = PBXTargetDependency;
			target = 3C5E81A92C85E7EC0069A787 /* VIP-Architecture */;
			targetProxy = 3C5E81C42C85E7ED0069A787 /* PBXContainerItemProxy */;
		};
		3C5E81CF2C85E7ED0069A787 /* PBXTargetDependency */ = {
			isa = PBXTargetDependency;
			target = 3C5E81A92C85E7EC0069A787 /* VIP-Architecture */;
			targetProxy = 3C5E81CE2C85E7ED0069A787 /* PBXContainerItemProxy */;
		};
/* End PBXTargetDependency section */

/* Begin PBXVariantGroup section */
		3C5E81B32C85E7EC0069A787 /* Main.storyboard */ = {
			isa = PBXVariantGroup;
			children = (
				3C5E81B42C85E7EC0069A787 /* Base */,
			);
			name = Main.storyboard;
			sourceTree = "<group>";
		};
		3C5E81BB2C85E7ED0069A787 /* LaunchScreen.storyboard */ = {
			isa = PBXVariantGroup;
			children = (
				3C5E81BC2C85E7ED0069A787 /* Base */,
			);
			name = LaunchScreen.storyboard;
			sourceTree = "<group>";
		};
/* End PBXVariantGroup section */

/* Begin XCBuildConfiguration section */
		3C5E81D52C85E7ED0069A787 /* Debug */ = {
			isa = XCBuildConfiguration;
			buildSettings = {
				ALWAYS_SEARCH_USER_PATHS = NO;
				ASSETCATALOG_COMPILER_GENERATE_SWIFT_ASSET_SYMBOL_EXTENSIONS = YES;
				CLANG_ANALYZER_NONNULL = YES;
				CLANG_ANALYZER_NUMBER_OBJECT_CONVERSION = YES_AGGRESSIVE;
				CLANG_CXX_LANGUAGE_STANDARD = "gnu++20";
				CLANG_ENABLE_MODULES = YES;
				CLANG_ENABLE_OBJC_ARC = YES;
				CLANG_ENABLE_OBJC_WEAK = YES;
				CLANG_WARN_BLOCK_CAPTURE_AUTORELEASING = YES;
				CLANG_WARN_BOOL_CONVERSION = YES;
				CLANG_WARN_COMMA = YES;
				CLANG_WARN_CONSTANT_CONVERSION = YES;
				CLANG_WARN_DEPRECATED_OBJC_IMPLEMENTATIONS = YES;
				CLANG_WARN_DIRECT_OBJC_ISA_USAGE = YES_ERROR;
				CLANG_WARN_DOCUMENTATION_COMMENTS = YES;
				CLANG_WARN_EMPTY_BODY = YES;
				CLANG_WARN_ENUM_CONVERSION = YES;
				CLANG_WARN_INFINITE_RECURSION = YES;
				CLANG_WARN_INT_CONVERSION = YES;
				CLANG_WARN_NON_LITERAL_NULL_CONVERSION = YES;
				CLANG_WARN_OBJC_IMPLICIT_RETAIN_SELF = YES;
				CLANG_WARN_OBJC_LITERAL_CONVERSION = YES;
				CLANG_WARN_OBJC_ROOT_CLASS = YES_ERROR;
				CLANG_WARN_QUOTED_INCLUDE_IN_FRAMEWORK_HEADER = YES;
				CLANG_WARN_RANGE_LOOP_ANALYSIS = YES;
				CLANG_WARN_STRICT_PROTOTYPES = YES;
				CLANG_WARN_SUSPICIOUS_MOVE = YES;
				CLANG_WARN_UNGUARDED_AVAILABILITY = YES_AGGRESSIVE;
				CLANG_WARN_UNREACHABLE_CODE = YES;
				CLANG_WARN__DUPLICATE_METHOD_MATCH = YES;
				COPY_PHASE_STRIP = NO;
				DEBUG_INFORMATION_FORMAT = dwarf;
				ENABLE_STRICT_OBJC_MSGSEND = YES;
				ENABLE_TESTABILITY = YES;
				ENABLE_USER_SCRIPT_SANDBOXING = YES;
				GCC_C_LANGUAGE_STANDARD = gnu17;
				GCC_DYNAMIC_NO_PIC = NO;
				GCC_NO_COMMON_BLOCKS = YES;
				GCC_OPTIMIZATION_LEVEL = 0;
				GCC_PREPROCESSOR_DEFINITIONS = (
					"DEBUG=1",
					"$(inherited)",
				);
				GCC_WARN_64_TO_32_BIT_CONVERSION = YES;
				GCC_WARN_ABOUT_RETURN_TYPE = YES_ERROR;
				GCC_WARN_UNDECLARED_SELECTOR = YES;
				GCC_WARN_UNINITIALIZED_AUTOS = YES_AGGRESSIVE;
				GCC_WARN_UNUSED_FUNCTION = YES;
				GCC_WARN_UNUSED_VARIABLE = YES;
				IPHONEOS_DEPLOYMENT_TARGET = 17.5;
				LOCALIZATION_PREFERS_STRING_CATALOGS = YES;
				MTL_ENABLE_DEBUG_INFO = INCLUDE_SOURCE;
				MTL_FAST_MATH = YES;
				ONLY_ACTIVE_ARCH = YES;
				SDKROOT = iphoneos;
				SWIFT_ACTIVE_COMPILATION_CONDITIONS = "DEBUG $(inherited)";
				SWIFT_OPTIMIZATION_LEVEL = "-Onone";
			};
			name = Debug;
		};
		3C5E81D62C85E7ED0069A787 /* Release */ = {
			isa = XCBuildConfiguration;
			buildSettings = {
				ALWAYS_SEARCH_USER_PATHS = NO;
				ASSETCATALOG_COMPILER_GENERATE_SWIFT_ASSET_SYMBOL_EXTENSIONS = YES;
				CLANG_ANALYZER_NONNULL = YES;
				CLANG_ANALYZER_NUMBER_OBJECT_CONVERSION = YES_AGGRESSIVE;
				CLANG_CXX_LANGUAGE_STANDARD = "gnu++20";
				CLANG_ENABLE_MODULES = YES;
				CLANG_ENABLE_OBJC_ARC = YES;
				CLANG_ENABLE_OBJC_WEAK = YES;
				CLANG_WARN_BLOCK_CAPTURE_AUTORELEASING = YES;
				CLANG_WARN_BOOL_CONVERSION = YES;
				CLANG_WARN_COMMA = YES;
				CLANG_WARN_CONSTANT_CONVERSION = YES;
				CLANG_WARN_DEPRECATED_OBJC_IMPLEMENTATIONS = YES;
				CLANG_WARN_DIRECT_OBJC_ISA_USAGE = YES_ERROR;
				CLANG_WARN_DOCUMENTATION_COMMENTS = YES;
				CLANG_WARN_EMPTY_BODY = YES;
				CLANG_WARN_ENUM_CONVERSION = YES;
				CLANG_WARN_INFINITE_RECURSION = YES;
				CLANG_WARN_INT_CONVERSION = YES;
				CLANG_WARN_NON_LITERAL_NULL_CONVERSION = YES;
				CLANG_WARN_OBJC_IMPLICIT_RETAIN_SELF = YES;
				CLANG_WARN_OBJC_LITERAL_CONVERSION = YES;
				CLANG_WARN_OBJC_ROOT_CLASS = YES_ERROR;
				CLANG_WARN_QUOTED_INCLUDE_IN_FRAMEWORK_HEADER = YES;
				CLANG_WARN_RANGE_LOOP_ANALYSIS = YES;
				CLANG_WARN_STRICT_PROTOTYPES = YES;
				CLANG_WARN_SUSPICIOUS_MOVE = YES;
				CLANG_WARN_UNGUARDED_AVAILABILITY = YES_AGGRESSIVE;
				CLANG_WARN_UNREACHABLE_CODE = YES;
				CLANG_WARN__DUPLICATE_METHOD_MATCH = YES;
				COPY_PHASE_STRIP = NO;
				DEBUG_INFORMATION_FORMAT = "dwarf-with-dsym";
				ENABLE_NS_ASSERTIONS = NO;
				ENABLE_STRICT_OBJC_MSGSEND = YES;
				ENABLE_USER_SCRIPT_SANDBOXING = YES;
				GCC_C_LANGUAGE_STANDARD = gnu17;
				GCC_NO_COMMON_BLOCKS = YES;
				GCC_WARN_64_TO_32_BIT_CONVERSION = YES;
				GCC_WARN_ABOUT_RETURN_TYPE = YES_ERROR;
				GCC_WARN_UNDECLARED_SELECTOR = YES;
				GCC_WARN_UNINITIALIZED_AUTOS = YES_AGGRESSIVE;
				GCC_WARN_UNUSED_FUNCTION = YES;
				GCC_WARN_UNUSED_VARIABLE = YES;
				IPHONEOS_DEPLOYMENT_TARGET = 17.5;
				LOCALIZATION_PREFERS_STRING_CATALOGS = YES;
				MTL_ENABLE_DEBUG_INFO = NO;
				MTL_FAST_MATH = YES;
				SDKROOT = iphoneos;
				SWIFT_COMPILATION_MODE = wholemodule;
				VALIDATE_PRODUCT = YES;
			};
			name = Release;
		};
		3C5E81D82C85E7ED0069A787 /* Debug */ = {
			isa = XCBuildConfiguration;
			buildSettings = {
				ASSETCATALOG_COMPILER_APPICON_NAME = AppIcon;
				ASSETCATALOG_COMPILER_GLOBAL_ACCENT_COLOR_NAME = AccentColor;
				CODE_SIGN_STYLE = Automatic;
				CURRENT_PROJECT_VERSION = 1;
				GENERATE_INFOPLIST_FILE = YES;
				INFOPLIST_FILE = "VIP-Architecture/Info.plist";
				INFOPLIST_KEY_UIApplicationSupportsIndirectInputEvents = YES;
				INFOPLIST_KEY_UILaunchStoryboardName = LaunchScreen;
				INFOPLIST_KEY_UIMainStoryboardFile = Main;
				INFOPLIST_KEY_UISupportedInterfaceOrientations_iPad = "UIInterfaceOrientationPortrait UIInterfaceOrientationPortraitUpsideDown UIInterfaceOrientationLandscapeLeft UIInterfaceOrientationLandscapeRight";
				INFOPLIST_KEY_UISupportedInterfaceOrientations_iPhone = "UIInterfaceOrientationPortrait UIInterfaceOrientationLandscapeLeft UIInterfaceOrientationLandscapeRight";
				LD_RUNPATH_SEARCH_PATHS = (
					"$(inherited)",
					"@executable_path/Frameworks",
				);
				MARKETING_VERSION = 1.0;
				PRODUCT_BUNDLE_IDENTIFIER = "com.denazmi.VIP-Architecture";
				PRODUCT_NAME = "$(TARGET_NAME)";
				SWIFT_EMIT_LOC_STRINGS = YES;
				SWIFT_VERSION = 5.0;
				TARGETED_DEVICE_FAMILY = "1,2";
			};
			name = Debug;
		};
		3C5E81D92C85E7ED0069A787 /* Release */ = {
			isa = XCBuildConfiguration;
			buildSettings = {
				ASSETCATALOG_COMPILER_APPICON_NAME = AppIcon;
				ASSETCATALOG_COMPILER_GLOBAL_ACCENT_COLOR_NAME = AccentColor;
				CODE_SIGN_STYLE = Automatic;
				CURRENT_PROJECT_VERSION = 1;
				GENERATE_INFOPLIST_FILE = YES;
				INFOPLIST_FILE = "VIP-Architecture/Info.plist";
				INFOPLIST_KEY_UIApplicationSupportsIndirectInputEvents = YES;
				INFOPLIST_KEY_UILaunchStoryboardName = LaunchScreen;
				INFOPLIST_KEY_UIMainStoryboardFile = Main;
				INFOPLIST_KEY_UISupportedInterfaceOrientations_iPad = "UIInterfaceOrientationPortrait UIInterfaceOrientationPortraitUpsideDown UIInterfaceOrientationLandscapeLeft UIInterfaceOrientationLandscapeRight";
				INFOPLIST_KEY_UISupportedInterfaceOrientations_iPhone = "UIInterfaceOrientationPortrait UIInterfaceOrientationLandscapeLeft UIInterfaceOrientationLandscapeRight";
				LD_RUNPATH_SEARCH_PATHS = (
					"$(inherited)",
					"@executable_path/Frameworks",
				);
				MARKETING_VERSION = 1.0;
				PRODUCT_BUNDLE_IDENTIFIER = "com.denazmi.VIP-Architecture";
				PRODUCT_NAME = "$(TARGET_NAME)";
				SWIFT_EMIT_LOC_STRINGS = YES;
				SWIFT_VERSION = 5.0;
				TARGETED_DEVICE_FAMILY = "1,2";
			};
			name = Release;
		};
		3C5E81DB2C85E7ED0069A787 /* Debug */ = {
			isa = XCBuildConfiguration;
			buildSettings = {
				BUNDLE_LOADER = "$(TEST_HOST)";
				CODE_SIGN_STYLE = Automatic;
				CURRENT_PROJECT_VERSION = 1;
				GENERATE_INFOPLIST_FILE = YES;
				IPHONEOS_DEPLOYMENT_TARGET = 17.5;
				MARKETING_VERSION = 1.0;
				PRODUCT_BUNDLE_IDENTIFIER = "com.denazmi.VIP-ArchitectureTests";
				PRODUCT_NAME = "$(TARGET_NAME)";
				SWIFT_EMIT_LOC_STRINGS = NO;
				SWIFT_VERSION = 5.0;
				TARGETED_DEVICE_FAMILY = "1,2";
				TEST_HOST = "$(BUILT_PRODUCTS_DIR)/VIP-Architecture.app/$(BUNDLE_EXECUTABLE_FOLDER_PATH)/VIP-Architecture";
			};
			name = Debug;
		};
		3C5E81DC2C85E7ED0069A787 /* Release */ = {
			isa = XCBuildConfiguration;
			buildSettings = {
				BUNDLE_LOADER = "$(TEST_HOST)";
				CODE_SIGN_STYLE = Automatic;
				CURRENT_PROJECT_VERSION = 1;
				GENERATE_INFOPLIST_FILE = YES;
				IPHONEOS_DEPLOYMENT_TARGET = 17.5;
				MARKETING_VERSION = 1.0;
				PRODUCT_BUNDLE_IDENTIFIER = "com.denazmi.VIP-ArchitectureTests";
				PRODUCT_NAME = "$(TARGET_NAME)";
				SWIFT_EMIT_LOC_STRINGS = NO;
				SWIFT_VERSION = 5.0;
				TARGETED_DEVICE_FAMILY = "1,2";
				TEST_HOST = "$(BUILT_PRODUCTS_DIR)/VIP-Architecture.app/$(BUNDLE_EXECUTABLE_FOLDER_PATH)/VIP-Architecture";
			};
			name = Release;
		};
		3C5E81DE2C85E7ED0069A787 /* Debug */ = {
			isa = XCBuildConfiguration;
			buildSettings = {
				CODE_SIGN_STYLE = Automatic;
				CURRENT_PROJECT_VERSION = 1;
				GENERATE_INFOPLIST_FILE = YES;
				MARKETING_VERSION = 1.0;
				PRODUCT_BUNDLE_IDENTIFIER = "com.denazmi.VIP-ArchitectureUITests";
				PRODUCT_NAME = "$(TARGET_NAME)";
				SWIFT_EMIT_LOC_STRINGS = NO;
				SWIFT_VERSION = 5.0;
				TARGETED_DEVICE_FAMILY = "1,2";
				TEST_TARGET_NAME = "VIP-Architecture";
			};
			name = Debug;
		};
		3C5E81DF2C85E7ED0069A787 /* Release */ = {
			isa = XCBuildConfiguration;
			buildSettings = {
				CODE_SIGN_STYLE = Automatic;
				CURRENT_PROJECT_VERSION = 1;
				GENERATE_INFOPLIST_FILE = YES;
				MARKETING_VERSION = 1.0;
				PRODUCT_BUNDLE_IDENTIFIER = "com.denazmi.VIP-ArchitectureUITests";
				PRODUCT_NAME = "$(TARGET_NAME)";
				SWIFT_EMIT_LOC_STRINGS = NO;
				SWIFT_VERSION = 5.0;
				TARGETED_DEVICE_FAMILY = "1,2";
				TEST_TARGET_NAME = "VIP-Architecture";
			};
			name = Release;
		};
/* End XCBuildConfiguration section */

/* Begin XCConfigurationList section */
		3C5E81A52C85E7EC0069A787 /* Build configuration list for PBXProject "VIP-Architecture" */ = {
			isa = XCConfigurationList;
			buildConfigurations = (
				3C5E81D52C85E7ED0069A787 /* Debug */,
				3C5E81D62C85E7ED0069A787 /* Release */,
			);
			defaultConfigurationIsVisible = 0;
			defaultConfigurationName = Release;
		};
		3C5E81D72C85E7ED0069A787 /* Build configuration list for PBXNativeTarget "VIP-Architecture" */ = {
			isa = XCConfigurationList;
			buildConfigurations = (
				3C5E81D82C85E7ED0069A787 /* Debug */,
				3C5E81D92C85E7ED0069A787 /* Release */,
			);
			defaultConfigurationIsVisible = 0;
			defaultConfigurationName = Release;
		};
		3C5E81DA2C85E7ED0069A787 /* Build configuration list for PBXNativeTarget "VIP-ArchitectureTests" */ = {
			isa = XCConfigurationList;
			buildConfigurations = (
				3C5E81DB2C85E7ED0069A787 /* Debug */,
				3C5E81DC2C85E7ED0069A787 /* Release */,
			);
			defaultConfigurationIsVisible = 0;
			defaultConfigurationName = Release;
		};
		3C5E81DD2C85E7ED0069A787 /* Build configuration list for PBXNativeTarget "VIP-ArchitectureUITests" */ = {
			isa = XCConfigurationList;
			buildConfigurations = (
				3C5E81DE2C85E7ED0069A787 /* Debug */,
				3C5E81DF2C85E7ED0069A787 /* Release */,
			);
			defaultConfigurationIsVisible = 0;
			defaultConfigurationName = Release;
		};
/* End XCConfigurationList section */

/* Begin XCVersionGroup section */
		3C5E81B62C85E7EC0069A787 /* VIP_Architecture.xcdatamodeld */ = {
			isa = XCVersionGroup;
			children = (
				3C5E81B72C85E7EC0069A787 /* VIP_Architecture.xcdatamodel */,
			);
			currentVersion = 3C5E81B72C85E7EC0069A787 /* VIP_Architecture.xcdatamodel */;
			path = VIP_Architecture.xcdatamodeld;
			sourceTree = "<group>";
			versionGroupType = wrapper.xcdatamodel;
		};
/* End XCVersionGroup section */
	};
	rootObject = 3C5E81A22C85E7EC0069A787 /* Project object */;
}
